#
# This file is autogenerated by pip-compile with Python 3.13
# by the following command:
#
#    pip-compile --output-file=requirements.lock pyproject.toml
#
annotated-doc==0.0.4
    # via fastapi
annotated-types==0.7.0
    # via pydantic
anyio==4.13.0
    # via starlette
click==8.3.3
    # via uvicorn
duckdb==1.5.2
    # via synaptic-bridge (pyproject.toml)
fastapi==0.136.1
    # via synaptic-bridge (pyproject.toml)
h11==0.16.0
    # via uvicorn
idna==3.14
    # via anyio
importlib-metadata==8.7.1
    # via opentelemetry-api
opentelemetry-api==1.41.1
    # via
    #   opentelemetry-sdk
    #   opentelemetry-semantic-conventions
    #   synaptic-bridge (pyproject.toml)
opentelemetry-sdk==1.41.1
    # via synaptic-bridge (pyproject.toml)
opentelemetry-semantic-conventions==0.62b1
    # via opentelemetry-sdk
pydantic==2.13.4
    # via
    #   fastapi
    #   synaptic-bridge (pyproject.toml)
pydantic-core==2.46.4
    # via pydantic
pyjwt==2.12.1
    # via synaptic-bridge (pyproject.toml)
starlette==1.0.0
    # via fastapi
typing-extensions==4.15.0
    # via
    #   fastapi
    #   opentelemetry-api
    #   opentelemetry-sdk
    #   opentelemetry-semantic-conventions
    #   pydantic
    #   pydantic-core
    #   typing-inspection
typing-inspection==0.4.2
    # via
    #   fastapi
    #   pydantic
uvicorn==0.46.0
    # via synaptic-bridge (pyproject.toml)
zipp==3.23.1
    # via importlib-metadata
